
Microsoft Visual Studio Solution File, Format Version 12.00
# Visual Studio Version 17
VisualStudioVersion = 17.12.35527.113
MinimumVisualStudioVersion = 10.0.40219.1
Project("{FAE04EC0-301F-11D3-BF4B-00C04F79EFBC}") = "mclx", "Git Helper\mclx.csproj", "{802D2745-147E-4EAD-ACC1-E5F784508CFA}"
EndProject
Global
	GlobalSection(SolutionConfigurationPlatforms) = preSolution
		Debug|Any CPU = Debug|Any CPU
		Release|Any CPU = Release|Any CPU
	EndGlobalSection
	GlobalSection(ProjectConfigurationPlatforms) = postSolution
		{802D2745-147E-4EAD-ACC1-E5F784508CFA}.Debug|Any CPU.ActiveCfg = Debug|Any CPU
		{802D2745-147E-4EAD-ACC1-E5F784508CFA}.Debug|Any CPU.Build.0 = Debug|Any CPU
		{802D2745-147E-4EAD-ACC1-E5F784508CFA}.Release|Any CPU.ActiveCfg = Release|Any CPU
		{802D2745-147E-4EAD-ACC1-E5F784508CFA}.Release|Any CPU.Build.0 = Release|Any CPU
	EndGlobalSection
	GlobalSection(SolutionProperties) = preSolution
		HideSolutionNode = FALSE
	EndGlobalSection
EndGlobal
